// !$*UTF8*$!
{
	archiveVersion = 1;
	classes = {
	};
	objectVersion = 46;
	objects = {

/* Begin PBXBuildFile section */
		327FCAB61CF8258C00D679CB /* AppDelegate.swift in Sources */ = {isa = PBXBuildFile; fileRef = 327FCAB51CF8258C00D679CB /* AppDelegate.swift */; };
		327FCAB81CF8258C00D679CB /* ViewController.swift in Sources */ = {isa = PBXBuildFile; fileRef = 327FCAB71CF8258C00D679CB /* ViewController.swift */; };
		327FCABB1CF8258C00D679CB /* Main.storyboard in Resources */ = {isa = PBXBuildFile; fileRef = 327FCAB91CF8258C00D679CB /* Main.storyboard */; };
		327FCABD1CF8258C00D679CB /* Assets.xcassets in Resources */ = {isa = PBXBuildFile; fileRef = 327FCABC1CF8258C00D679CB /* Assets.xcassets */; };
		327FCAC01CF8258C00D679CB /* LaunchScreen.storyboard in Resources */ = {isa = PBXBuildFile; fileRef = 327FCABE1CF8258C00D679CB /* LaunchScreen.storyboard */; };
/* End PBXBuildFile section */

/* Begin PBXFileReference section */
		327FCAB21CF8258C00D679CB /* dropit.app */ = {isa = PBXFileReference; explicitFileType = wrapper.application; includeInIndex = 0; path = dropit.app; sourceTree = BUILT_PRODUCTS_DIR; };
		327FCAB51CF8258C00D679CB /* AppDelegate.swift */ = {isa = PBXFileReference; lastKnownFileType = sourcecode.swift; path = AppDelegate.swift; sourceTree = "<group>"; };
		327FCAB71CF8258C00D679CB /* ViewController.swift */ = {isa = PBXFileReference; lastKnownFileType = sourcecode.swift; path = ViewController.swift; sourceTree = "<group>"; };
		327FCABA1CF8258C00D679CB /* Base */ = {isa = PBXFileReference; lastKnownFileType = file.storyboard; name = Base; path = Base.lproj/Main.storyboard; sourceTree = "<group>"; };
		327FCABC1CF8258C00D679CB /* Assets.xcassets */ = {isa = PBXFileReference; lastKnownFileType = folder.assetcatalog; path = Assets.xcassets; sourceTree = "<group>"; };
		327FCABF1CF8258C00D679CB /* Base */ = {isa = PBXFileReference; lastKnownFileType = file.storyboard; name = Base; path = Base.lproj/LaunchScreen.storyboard; sourceTree = "<group>"; };
		327FCAC11CF8258C00D679CB /* Info.plist */ = {isa = PBXFileReference; lastKnownFileType = text.plist.xml; path = Info.plist; sourceTree = "<group>"; };
/* End PBXFileReference section */

/* Begin PBXFrameworksBuildPhase section */
		327FCAAF1CF8258C00D679CB /* Frameworks */ = {
			isa = PBXFrameworksBuildPhase;
			buildActionMask = 2147483647;
			files = (
			);
			runOnlyForDeploymentPostprocessing = 0;
		};
/* End PBXFrameworksBuildPhase section */

/* Begin PBXGroup section */
		327FCAA91CF8258C00D679CB = {
			isa = PBXGroup;
			children = (
				327FCAB41CF8258C00D679CB /* dropit */,
				327FCAB31CF8258C00D679CB /* Products */,
			);
			sourceTree = "<group>";
		};
		327FCAB31CF8258C00D679CB /* Products */ = {
			isa = PBXGroup;
			children = (
				327FCAB21CF8258C00D679CB /* dropit.app */,
			);
			name = Products;
			sourceTree = "<group>";
		};
		327FCAB41CF8258C00D679CB /* dropit */ = {
			isa = PBXGroup;
			children = (
				327FCAB51CF8258C00D679CB /* AppDelegate.swift */,
				327FCAB71CF8258C00D679CB /* ViewController.swift */,
				327FCAB91CF8258C00D679CB /* Main.storyboard */,
				327FCABC1CF8258C00D679CB /* Assets.xcassets */,
				327FCABE1CF8258C00D679CB /* LaunchScreen.storyboard */,
				327FCAC11CF8258C00D679CB /* Info.plist */,
			);
			path = dropit;
			sourceTree = "<group>";
		};
/* End PBXGroup section */

/* Begin PBXNativeTarget section */
		327FCAB11CF8258C00D679CB /* dropit */ = {
			isa = PBXNativeTarget;
			buildConfigurationList = 327FCAC41CF8258C00D679CB /* Build configuration list for PBXNativeTarget "dropit" */;
			buildPhases = (
				327FCAAE1CF8258C00D679CB /* Sources */,
				327FCAAF1CF8258C00D679CB /* Frameworks */,
				327FCAB01CF8258C00D679CB /* Resources */,
			);
			buildRules = (
			);
			dependencies = (
			);
			name = dropit;
			productName = dropit;
			productReference = 327FCAB21CF8258C00D679CB /* dropit.app */;
			productType = "com.apple.product-type.application";
		};
/* End PBXNativeTarget section */

/* Begin PBXProject section */
		327FCAAA1CF8258C00D679CB /* Project object */ = {
			isa = PBXProject;
			attributes = {
				LastSwiftUpdateCheck = 0730;
				LastUpgradeCheck = 0730;
				ORGANIZATIONNAME = "NeshDev Studios";
				TargetAttributes = {
					327FCAB11CF8258C00D679CB = {
						CreatedOnToolsVersion = 7.3.1;
					};
				};
			};
			buildConfigurationList = 327FCAAD1CF8258C00D679CB /* Build configuration list for PBXProject "dropit" */;
			compatibilityVersion = "Xcode 3.2";
			developmentRegion = English;
			hasScannedForEncodings = 0;
			knownRegions = (
				en,
				Base,
			);
			mainGroup = 327FCAA91CF8258C00D679CB;
			productRefGroup = 327FCAB31CF8258C00D679CB /* Products */;
			projectDirPath = "";
			projectRoot = "";
			targets = (
				327FCAB11CF8258C00D679CB /* dropit */,
			);
		};
/* End PBXProject section */

/* Begin PBXResourcesBuildPhase section */
		327FCAB01CF8258C00D679CB /* Resources */ = {
			isa = PBXResourcesBuildPhase;
			buildActionMask = 2147483647;
			files = (
				327FCAC01CF8258C00D679CB /* LaunchScreen.storyboard in Resources */,
				327FCABD1CF8258C00D679CB /* Assets.xcassets in Resources */,
				327FCABB1CF8258C00D679CB /* Main.storyboard in Resources */,
			);
			runOnlyForDeploymentPostprocessing = 0;
		};
/* End PBXResourcesBuildPhase section */

/* Begin PBXSourcesBuildPhase section */
		327FCAAE1CF8258C00D679CB /* Sources */ = {
			isa = PBXSourcesBuildPhase;
			buildActionMask = 2147483647;
			files = (
				327FCAB81CF8258C00D679CB /* ViewController.swift in Sources */,
				327FCAB61CF8258C00D679CB /* AppDelegate.swift in Sources */,
			);
			runOnlyForDeploymentPostprocessing = 0;
		};
/* End PBXSourcesBuildPhase section */

/* Begin PBXVariantGroup section */
		327FCAB91CF8258C00D679CB /* Main.storyboard */ = {
			isa = PBXVariantGroup;
			children = (
				327FCABA1CF8258C00D679CB /* Base */,
			);
			name = Main.storyboard;
			sourceTree = "<group>";
		};
		327FCABE1CF8258C00D679CB /* LaunchScreen.storyboard */ = {
			isa = PBXVariantGroup;
			children = (
				327FCABF1CF8258C00D679CB /* Base */,
			);
			name = LaunchScreen.storyboard;
			sourceTree = "<group>";
		};
/* End PBXVariantGroup section */

/* Begin XCBuildConfiguration section */
		327FCAC21CF8258C00D679CB /* Debug */ = {
			isa = XCBuildConfiguration;
			buildSettings = {
				ALWAYS_SEARCH_USER_PATHS = NO;
				CLANG_ANALYZER_NONNULL = YES;
				CLANG_CXX_LANGUAGE_STANDARD = "gnu++0x";
				CLANG_CXX_LIBRARY = "libc++";
				CLANG_ENABLE_MODULES = YES;
				CLANG_ENABLE_OBJC_ARC = YES;
				CLANG_WARN_BOOL_CONVERSION = YES;
				CLANG_WARN_CONSTANT_CONVERSION = YES;
				CLANG_WARN_DIRECT_OBJC_ISA_USAGE = YES_ERROR;
				CLANG_WARN_EMPTY_BODY = YES;
				CLANG_WARN_ENUM_CONVERSION = YES;
				CLANG_WARN_INT_CONVERSION = YES;
				CLANG_WARN_OBJC_ROOT_CLASS = YES_ERROR;
				CLANG_WARN_UNREACHABLE_CODE = YES;
				CLANG_WARN__DUPLICATE_METHOD_MATCH = YES;
				"CODE_SIGN_IDENTITY[sdk=iphoneos*]" = "iPhone Developer";
				COPY_PHASE_STRIP = NO;
				DEBUG_INFORMATION_FORMAT = dwarf;
				ENABLE_STRICT_OBJC_MSGSEND = YES;
				ENABLE_TESTABILITY = YES;
				GCC_C_LANGUAGE_STANDARD = gnu99;
				GCC_DYNAMIC_NO_PIC = NO;
				GCC_NO_COMMON_BLOCKS = YES;
				GCC_OPTIMIZATION_LEVEL = 0;
				GCC_PREPROCESSOR_DEFINITIONS = (
					"DEBUG=1",
					"$(inherited)",
				);
				GCC_WARN_64_TO_32_BIT_CONVERSION = YES;
				GCC_WARN_ABOUT_RETURN_TYPE = YES_ERROR;
				GCC_WARN_UNDECLARED_SELECTOR = YES;
				GCC_WARN_UNINITIALIZED_AUTOS = YES_AGGRESSIVE;
				GCC_WARN_UNUSED_FUNCTION = YES;
				GCC_WARN_UNUSED_VARIABLE = YES;
				IPHONEOS_DEPLOYMENT_TARGET = 9.3;
				MTL_ENABLE_DEBUG_INFO = YES;
				ONLY_ACTIVE_ARCH = YES;
				SDKROOT = iphoneos;
				SWIFT_OPTIMIZATION_LEVEL = "-Onone";
				TARGETED_DEVICE_FAMILY = "1,2";
			};
			name = Debug;
		};
		327FCAC31CF8258C00D679CB /* Release */ = {
			isa = XCBuildConfiguration;
			buildSettings = {
				ALWAYS_SEARCH_USER_PATHS = NO;
				CLANG_ANALYZER_NONNULL = YES;
				CLANG_CXX_LANGUAGE_STANDARD = "gnu++0x";
				CLANG_CXX_LIBRARY = "libc++";
				CLANG_ENABLE_MODULES = YES;
				CLANG_ENABLE_OBJC_ARC = YES;
				CLANG_WARN_BOOL_CONVERSION = YES;
				CLANG_WARN_CONSTANT_CONVERSION = YES;
				CLANG_WARN_DIRECT_OBJC_ISA_USAGE = YES_ERROR;
				CLANG_WARN_EMPTY_BODY = YES;
				CLANG_WARN_ENUM_CONVERSION = YES;
				CLANG_WARN_INT_CONVERSION = YES;
				CLANG_WARN_OBJC_ROOT_CLASS = YES_ERROR;
				CLANG_WARN_UNREACHABLE_CODE = YES;
				CLANG_WARN__DUPLICATE_METHOD_MATCH = YES;
				"CODE_SIGN_IDENTITY[sdk=iphoneos*]" = "iPhone Developer";
				COPY_PHASE_STRIP = NO;
				DEBUG_INFORMATION_FORMAT = "dwarf-with-dsym";
				ENABLE_NS_ASSERTIONS = NO;
				ENABLE_STRICT_OBJC_MSGSEND = YES;
				GCC_C_LANGUAGE_STANDARD = gnu99;
				GCC_NO_COMMON_BLOCKS = YES;
				GCC_WARN_64_TO_32_BIT_CONVERSION = YES;
				GCC_WARN_ABOUT_RETURN_TYPE = YES_ERROR;
				GCC_WARN_UNDECLARED_SELECTOR = YES;
				GCC_WARN_UNINITIALIZED_AUTOS = YES_AGGRESSIVE;
				GCC_WARN_UNUSED_FUNCTION = YES;
				GCC_WARN_UNUSED_VARIABLE = YES;
				IPHONEOS_DEPLOYMENT_TARGET = 9.3;
				MTL_ENABLE_DEBUG_INFO = NO;
				SDKROOT = iphoneos;
				TARGETED_DEVICE_FAMILY = "1,2";
				VALIDATE_PRODUCT = YES;
			};
			name = Release;
		};
		327FCAC51CF8258C00D679CB /* Debug */ = {
			isa = XCBuildConfiguration;
			buildSettings = {
				ASSETCATALOG_COMPILER_APPICON_NAME = AppIcon;
				INFOPLIST_FILE = dropit/Info.plist;
				LD_RUNPATH_SEARCH_PATHS = "$(inherited) @executable_path/Frameworks";
				PRODUCT_BUNDLE_IDENTIFIER = edu.stanford.cs193p.u3kd.dropit;
				PRODUCT_NAME = "$(TARGET_NAME)";
			};
			name = Debug;
		};
		327FCAC61CF8258C00D679CB /* Release */ = {
			isa = XCBuildConfiguration;
			buildSettings = {
				ASSETCATALOG_COMPILER_APPICON_NAME = AppIcon;
				INFOPLIST_FILE = dropit/Info.plist;
				LD_RUNPATH_SEARCH_PATHS = "$(inherited) @executable_path/Frameworks";
				PRODUCT_BUNDLE_IDENTIFIER = edu.stanford.cs193p.u3kd.dropit;
				PRODUCT_NAME = "$(TARGET_NAME)";
			};
			name = Release;
		};
/* End XCBuildConfiguration section */

/* Begin XCConfigurationList section */
		327FCAAD1CF8258C00D679CB /* Build configuration list for PBXProject "dropit" */ = {
			isa = XCConfigurationList;
			buildConfigurations = (
				327FCAC21CF8258C00D679CB /* Debug */,
				327FCAC31CF8258C00D679CB /* Release */,
			);
			defaultConfigurationIsVisible = 0;
			defaultConfigurationName = Release;
		};
		327FCAC41CF8258C00D679CB /* Build configuration list for PBXNativeTarget "dropit" */ = {
			isa = XCConfigurationList;
			buildConfigurations = (
				327FCAC51CF8258C00D679CB /* Debug */,
				327FCAC61CF8258C00D679CB /* Release */,
			);
			defaultConfigurationIsVisible = 0;
		};
/* End XCConfigurationList section */
	};
	rootObject = 327FCAAA1CF8258C00D679CB /* Project object */;
}
